
Microsoft Visual Studio Solution File, Format Version 12.00
# Visual Studio Version 17
VisualStudioVersion = 17.5.33530.505
MinimumVisualStudioVersion = 10.0.40219.1
Project("{FAE04EC0-301F-11D3-BF4B-00C04F79EFBC}") = "Asset Tracking System", "Asset Tracking System\Asset Tracking System.csproj", "{CA330304-2C99-4BDD-BCE1-F15C2536484C}"
EndProject
Global
	GlobalSection(SolutionConfigurationPlatforms) = preSolution
		Debug|Any CPU = Debug|Any CPU
		Release|Any CPU = Release|Any CPU
	EndGlobalSection
	GlobalSection(ProjectConfigurationPlatforms) = postSolution
		{CA330304-2C99-4BDD-BCE1-F15C2536484C}.Debug|Any CPU.ActiveCfg = Debug|Any CPU
		{CA330304-2C99-4BDD-BCE1-F15C2536484C}.Debug|Any CPU.Build.0 = Debug|Any CPU
		{CA330304-2C99-4BDD-BCE1-F15C2536484C}.Release|Any CPU.ActiveCfg = Release|Any CPU
		{CA330304-2C99-4BDD-BCE1-F15C2536484C}.Release|Any CPU.Build.0 = Release|Any CPU
	EndGlobalSection
	GlobalSection(SolutionProperties) = preSolution
		HideSolutionNode = FALSE
	EndGlobalSection
	GlobalSection(ExtensibilityGlobals) = postSolution
		SolutionGuid = {517159D3-BE68-42DE-A205-658AB0983820}
	EndGlobalSection
EndGlobal
